{
  "name": "common-storage",
  "version": "1.0.0",
  "lockfileVersion": 1,
  "requires": true,
  "dependencies": {
    "common-type-verify": {
      "version": "1.0.0",
      "resolved": "https://registry.npmjs.org/common-type-verify/-/common-type-verify-1.0.0.tgz",
      "integrity": "sha512-S5FDCZnEhoE8m0IwehuG8MxeKR+wC1+16vIwwkdn2n/OCzjmWhHVCRpj6LlJz0W/eM6iv6KMsXs3pE3X7QUoVQ==",
      "dev": true
    }
  }
}
